
Microsoft Visual Studio Solution File, Format Version 12.00
# Visual Studio Version 17
VisualStudioVersion = 17.8.34330.188
MinimumVisualStudioVersion = 10.0.40219.1
Project("{FAE04EC0-301F-11D3-BF4B-00C04F79EFBC}") = "SecureSoftware", "SecureSoftware\SecureSoftware.csproj", "{8B1918B6-4AC7-4E3E-966B-A2B33B7D12D1}"
EndProject
Global
	GlobalSection(SolutionConfigurationPlatforms) = preSolution
		Debug|Any CPU = Debug|Any CPU
		Release|Any CPU = Release|Any CPU
	EndGlobalSection
	GlobalSection(ProjectConfigurationPlatforms) = postSolution
		{8B1918B6-4AC7-4E3E-966B-A2B33B7D12D1}.Debug|Any CPU.ActiveCfg = Debug|Any CPU
		{8B1918B6-4AC7-4E3E-966B-A2B33B7D12D1}.Debug|Any CPU.Build.0 = Debug|Any CPU
		{8B1918B6-4AC7-4E3E-966B-A2B33B7D12D1}.Release|Any CPU.ActiveCfg = Release|Any CPU
		{8B1918B6-4AC7-4E3E-966B-A2B33B7D12D1}.Release|Any CPU.Build.0 = Release|Any CPU
	EndGlobalSection
	GlobalSection(SolutionProperties) = preSolution
		HideSolutionNode = FALSE
	EndGlobalSection
	GlobalSection(ExtensibilityGlobals) = postSolution
		SolutionGuid = {99AD2BE1-B64D-4DE2-AC74-134C356F4B08}
	EndGlobalSection
EndGlobal
